version = 1
revision = 3
requires-python = ">=3.12"

[[package]]
name = "atla-quotes-api"
version = "0.1.0"
source = { virtual = "." }

[package.dev-dependencies]
scripts = [
    { name = "rapidfuzz" },
    { name = "rich" },
]

[package.metadata]

[package.metadata.requires-dev]
scripts = [
    { name = "rapidfuzz", specifier = ">=3.0.0" },
    { name = "rich", specifier = ">=13.0.0" },
]

[[package]]
name = "markdown-it-py"
version = "4.0.0"
source = { registry = "https://pypi.org/simple" }
dependencies = [
    { name = "mdurl" },
]
sdist = { url = "https://files.pythonhosted.org/packages/5b/f5/4ec618ed16cc4f8fb3b701563655a69816155e79e24a17b651541804721d/markdown_it_py-4.0.0.tar.gz", hash = "sha256:cb0a2b4aa34f932c007117b194e945bd74e0ec24133ceb5bac59009cda1cb9f3", size = 73070, upload-time = "2025-08-11T12:57:52.854Z" }
wheels = [
    { url = "https://files.pythonhosted.org/packages/94/54/e7d793b573f298e1c9013b8c4dade17d481164aa517d1d7148619c2cedbf/markdown_it_py-4.0.0-py3-none-any.whl", hash = "sha256:87327c59b172c5011896038353a81343b6754500a08cd7a4973bb48c6d578147", size = 87321, upload-time = "2025-08-11T12:57:51.923Z" },
]

[[package]]
name = "mdurl"
version = "0.1.2"
source = { registry = "https://pypi.org/simple" }
sdist = { url = "https://files.pythonhosted.org/packages/d6/54/cfe61301667036ec958cb99bd3efefba235e65cdeb9c84d24a8293ba1d90/mdurl-0.1.2.tar.gz", hash = "sha256:bb413d29f5eea38f31dd4754dd7377d4465116fb207585f97bf925588687c1ba", size = 8729, upload-time = "2022-08-14T12:40:10.846Z" }
wheels = [
    { url = "https://files.pythonhosted.org/packages/b3/38/89ba8ad64ae25be8de66a6d463314cf1eb366222074cfda9ee839c56a4b4/mdurl-0.1.2-py3-none-any.whl", hash = "sha256:84008a41e51615a49fc9966191ff91509e3c40b939176e643fd50a5c2196b8f8", size = 9979, upload-time = "2022-08-14T12:40:09.779Z" },
]

[[package]]
name = "pygments"
version = "2.20.0"
source = { registry = "https://pypi.org/simple" }
sdist = { url = "https://files.pythonhosted.org/packages/c3/b2/bc9c9196916376152d655522fdcebac55e66de6603a76a02bca1b6414f6c/pygments-2.20.0.tar.gz", hash = "sha256:6757cd03768053ff99f3039c1a36d6c0aa0b263438fcab17520b30a303a82b5f", size = 4955991, upload-time = "2026-03-29T13:29:33.898Z" }
wheels = [
    { url = "https://files.pythonhosted.org/packages/f4/7e/a72dd26f3b0f4f2bf1dd8923c85f7ceb43172af56d63c7383eb62b332364/pygments-2.20.0-py3-none-any.whl", hash = "sha256:81a9e26dd42fd28a23a2d169d86d7ac03b46e2f8b59ed4698fb4785f946d0176", size = 1231151, upload-time = "2026-03-29T13:29:30.038Z" },
]

[[package]]
name = "rapidfuzz"
version = "3.14.5"
source = { registry = "https://pypi.org/simple" }
sdist = { url = "https://files.pythonhosted.org/packages/2c/21/ef6157213316e85790041254259907eb722e00b03480256c0545d98acd33/rapidfuzz-3.14.5.tar.gz", hash = "sha256:ba10ac57884ce82112f7ed910b67e7fb6072d8ef2c06e30dc63c0f604a112e0e", size = 57901753, upload-time = "2026-04-07T11:16:31.931Z" }
wheels = [
    { url = "https://files.pythonhosted.org/packages/d3/e3/574435c6aafb80254c191ef40d7aca2cb2bb97a095ec9395e9fa59ac307a/rapidfuzz-3.14.5-cp312-cp312-macosx_10_13_x86_64.whl", hash = "sha256:0d3378f471ef440473a396ce2f8e97ee12f89a78b495540e0a5617bbfe895638", size = 1944601, upload-time = "2026-04-07T11:14:18.771Z" },
    { url = "https://files.pythonhosted.org/packages/d0/1f/fbad3102a255ecc112ce9a7e779bacab7fd14398217be8868dc9082ba363/rapidfuzz-3.14.5-cp312-cp312-macosx_11_0_arm64.whl", hash = "sha256:1e910eebca9fd0eba245c0555e764597e8a0cccb673a92da2dc2397050725f48", size = 1164293, upload-time = "2026-04-07T11:14:20.534Z" },
    { url = "https://files.pythonhosted.org/packages/88/37/a3eb7ff6121ed3a5f199a8c38cc86c8e481816f879cb0e0b738b078c9a7e/rapidfuzz-3.14.5-cp312-cp312-manylinux_2_26_aarch64.manylinux_2_28_aarch64.whl", hash = "sha256:01550fe5f60fd176aa66b7611289d46dc4aa4b1b904874c7b6d1d54e581c5ec1", size = 1371999, upload-time = "2026-04-07T11:14:22.63Z" },
    { url = "https://files.pythonhosted.org/packages/79/72/97a9728c711c7c1b06e107d3f0623880fb4ef90e147ed13c551a1730e7cc/rapidfuzz-3.14.5-cp312-cp312-manylinux_2_27_x86_64.manylinux_2_28_x86_64.whl", hash = "sha256:48bee0b91bebfaec41e1081e351000659ab7570cc4598d617aa04d5bf827f9e6", size = 3145715, upload-time = "2026-04-07T11:14:24.508Z" },
    { url = "https://files.pythonhosted.org/packages/ed/54/d5caabbea233ac90c286c87c260e49d7641467e87438a18d858e41c82e91/rapidfuzz-3.14.5-cp312-cp312-manylinux_2_39_riscv64.whl", hash = "sha256:7e580cb04ad849ae9b786fa21383c6b994b6e6c1444ad1cb9f22392759d72741", size = 1456304, upload-time = "2026-04-07T11:14:26.515Z" },
    { url = "https://files.pythonhosted.org/packages/fc/a7/2d1a81250ac8c01a0100c026018e76f0e7a097ff63e4c553e02a6938c6fb/rapidfuzz-3.14.5-cp312-cp312-musllinux_1_2_aarch64.whl", hash = "sha256:09d6c9ba091854f07817055d795d604179c12a8f308ba4c7d56f3719dfea1646", size = 2389089, upload-time = "2026-04-07T11:14:28.635Z" },
    { url = "https://files.pythonhosted.org/packages/65/0d/c47c3872203ae88e6506997c0b576ad731f5261daa25d559be09c9756658/rapidfuzz-3.14.5-cp312-cp312-musllinux_1_2_riscv64.whl", hash = "sha256:1e989f86113be66574113b9c7bdf4793f3f863d248e47d911b355e05ca6b6b10", size = 2493404, upload-time = "2026-04-07T11:14:30.577Z" },
    { url = "https://files.pythonhosted.org/packages/8f/2f/71e0a5a3130792146c8a200a2dd1e52aa16f7c1074012e17f2601eea9a90/rapidfuzz-3.14.5-cp312-cp312-musllinux_1_2_x86_64.whl", hash = "sha256:0ebd1a18e2e47bc0b292a07e6ed9c3642f8aaa672d12253885f599b50807a4f9", size = 4251709, upload-time = "2026-04-07T11:14:32.451Z" },
    { url = "https://files.pythonhosted.org/packages/86/45/d39874901abacef325adb5b34ae416817c8486dfb4fb87c7a9b74ec5b072/rapidfuzz-3.14.5-cp312-cp312-win32.whl", hash = "sha256:9981d38a703b86f0e315a3cd229fd1906fe1d91c989ed121fb975b3c849f89f5", size = 1710069, upload-time = "2026-04-07T11:14:34.37Z" },
    { url = "https://files.pythonhosted.org/packages/85/0b/f65572c53de8a1c704bda707f63a447b67bdbe95d7cdc70d18885e191df5/rapidfuzz-3.14.5-cp312-cp312-win_amd64.whl", hash = "sha256:d8375e3da319593389727c3187ccaf3e0e84199accc530866b8e0f2b79af05e9", size = 1540630, upload-time = "2026-04-07T11:14:36.287Z" },
    { url = "https://files.pythonhosted.org/packages/5e/c3/143be3a578f989758cae516f3270d5cbb49783a7bfdf57cc27a670e00456/rapidfuzz-3.14.5-cp312-cp312-win_arm64.whl", hash = "sha256:478b59bb018a6780d73f33e38d0b3ec5e968a6c1ed42876b993dd456b7aa20e8", size = 813137, upload-time = "2026-04-07T11:14:38.289Z" },
    { url = "https://files.pythonhosted.org/packages/11/66/252803f2010ba699618cdc048b6e1f7cc1f433c08b4a9a17579b92ab0142/rapidfuzz-3.14.5-cp313-cp313-macosx_10_13_x86_64.whl", hash = "sha256:ebd8fd343bf8492a1e60bcb6dc99f90f74f65d98d8241a6b3e1fed225b76ecd6", size = 1940205, upload-time = "2026-04-07T11:14:40.319Z" },
    { url = "https://files.pythonhosted.org/packages/ea/59/b2afd98e41af9cd54554a4c1c423d84cdd60e6b1c0a09496f033b55f60ec/rapidfuzz-3.14.5-cp313-cp313-macosx_11_0_arm64.whl", hash = "sha256:6737b35d5af7479c5bf9710f7b17edd9d2c43128d974d25fb4ea653e42c64609", size = 1159639, upload-time = "2026-04-07T11:14:42.52Z" },
    { url = "https://files.pythonhosted.org/packages/a3/31/7aa7e62c4c516a7af322ed0c4f0774208b72d457d0cfec808bad0df12f4a/rapidfuzz-3.14.5-cp313-cp313-manylinux_2_26_aarch64.manylinux_2_28_aarch64.whl", hash = "sha256:b002c7994cc9f2bc9d9856f0fbaee6e8072c983873846c92f25cefba5b2a925f", size = 1367194, upload-time = "2026-04-07T11:14:44.25Z" },
    { url = "https://files.pythonhosted.org/packages/90/79/2fc252a63bc91d3c3b234d0a3a6ad4ebc460037a23cdcdaf9285f986e6c9/rapidfuzz-3.14.5-cp313-cp313-manylinux_2_27_x86_64.manylinux_2_28_x86_64.whl", hash = "sha256:17a34330cd2a538c1ce5d400b61ba358c5b72c654b928ff87b362e88f8b864c7", size = 3151805, upload-time = "2026-04-07T11:14:46.21Z" },
    { url = "https://files.pythonhosted.org/packages/17/54/0c83508f2683ea70e2d05f8527eb07328acf7bb1e9d97a3bece5702378e7/rapidfuzz-3.14.5-cp313-cp313-manylinux_2_39_riscv64.whl", hash = "sha256:95d937e74c1a7a1287dfb03b62a827be08ede10a155cf1af73bbf47f2b73ee6e", size = 1455667, upload-time = "2026-04-07T11:14:47.991Z" },
    { url = "https://files.pythonhosted.org/packages/71/1b/070175e873177814d58850a01ebe80e20ae11e93eb4da894d563988660fa/rapidfuzz-3.14.5-cp313-cp313-musllinux_1_2_aarch64.whl", hash = "sha256:46b92a9970dcc34f0096901c792644094cab49554ac3547f35e3aebbdf0a3610", size = 2388246, upload-time = "2026-04-07T11:14:50.098Z" },
    { url = "https://files.pythonhosted.org/packages/c9/dd/77caf7aaf9c2be050ad1f128d7c24ff0f59079aa62c5f62f9df41c0af45e/rapidfuzz-3.14.5-cp313-cp313-musllinux_1_2_riscv64.whl", hash = "sha256:e012177c8e8a8a0754ae0d6027d63042aa5ff036d9f40f07cb3466a6082e21b8", size = 2494333, upload-time = "2026-04-07T11:14:52.303Z" },
    { url = "https://files.pythonhosted.org/packages/2c/e2/dd7e1f2aa31a8fbbfc16b0610af1d770ffaf1287490f3c8c5b1c52da264f/rapidfuzz-3.14.5-cp313-cp313-musllinux_1_2_x86_64.whl", hash = "sha256:a2ae6f53f99c9a0eca7a0afc5b4e45fc73bc1dd4ac74c00509031d76df80ed98", size = 4258579, upload-time = "2026-04-07T11:14:54.538Z" },
    { url = "https://files.pythonhosted.org/packages/9c/0a/ac99e1ba347ba0e85e0bb60b74231d55fb93c0eff43f2920ccb413d0be08/rapidfuzz-3.14.5-cp313-cp313-win32.whl", hash = "sha256:4a60f0057231188e3bd30216f7b4e0f279b11fa4ec818bb6c1d9f014d1562fbc", size = 1709231, upload-time = "2026-04-07T11:14:56.524Z" },
    { url = "https://files.pythonhosted.org/packages/cf/cb/0e251d731b3166378644238e8f0cf9e89858c024e19f75ca9f7e3ae83fd5/rapidfuzz-3.14.5-cp313-cp313-win_amd64.whl", hash = "sha256:11bfc2ed8fbe4ab86bd516fadefab126f90e6dcadffa761739fcb304707dfd35", size = 1538519, upload-time = "2026-04-07T11:14:58.635Z" },
    { url = "https://files.pythonhosted.org/packages/30/6f/4548132acc947db6d5346a248e44a8b3a22d608ef30e770fb578caaf2d00/rapidfuzz-3.14.5-cp313-cp313-win_arm64.whl", hash = "sha256:b486b5218808f6f4dc471b114b1054e63553db69705c97da0271f47bd706aedd", size = 812628, upload-time = "2026-04-07T11:15:00.552Z" },
    { url = "https://files.pythonhosted.org/packages/00/60/69b177577290c5eab892c6f75fe89c3aff3f9ae80298a78d9372b1cecb9a/rapidfuzz-3.14.5-cp313-cp313t-macosx_10_13_x86_64.whl", hash = "sha256:39ef8658aaf67d51667e7bdaf7096f432333377d8302ac43c70b5df8a4cf89b8", size = 1970231, upload-time = "2026-04-07T11:15:02.603Z" },
    { url = "https://files.pythonhosted.org/packages/48/38/2fd790052659cc4e2907b63c25433f0987864b445c1aeec1a302ef5ad948/rapidfuzz-3.14.5-cp313-cp313t-macosx_11_0_arm64.whl", hash = "sha256:9ad37a0be705b544af6296da8edddc260d10a8ae5462530fc9991f66498bb1f9", size = 1194394, upload-time = "2026-04-07T11:15:04.572Z" },
    { url = "https://files.pythonhosted.org/packages/80/f4/28430ad8472fc3536e8ebd51a864a226e979cfe924c6e3f83d111373aa74/rapidfuzz-3.14.5-cp313-cp313t-manylinux_2_26_aarch64.manylinux_2_28_aarch64.whl", hash = "sha256:d45e06f60729e07d9b20c205f7e5cff90b6ef2584e852eecf46e045aea69627d", size = 1377051, upload-time = "2026-04-07T11:15:06.728Z" },
    { url = "https://files.pythonhosted.org/packages/77/7e/9aeacabcfd1e77397968362e5b98fe14248b8307011136b17daf99752a8e/rapidfuzz-3.14.5-cp313-cp313t-manylinux_2_27_x86_64.manylinux_2_28_x86_64.whl", hash = "sha256:e52da10236aa6212de71b9e170bace65b64b129c0dea7fc243d6c9ce976f5074", size = 3160565, upload-time = "2026-04-07T11:15:08.667Z" },
    { url = "https://files.pythonhosted.org/packages/56/f4/db4dd7be0cd2f2022117ac5407d905f435d60e48baaea313a567ad27e865/rapidfuzz-3.14.5-cp313-cp313t-manylinux_2_39_riscv64.whl", hash = "sha256:440d30faaf682ca496170a7f0cc5453ec942e3e079f0fd802c9a7f938dfb50a3", size = 1442113, upload-time = "2026-04-07T11:15:11.138Z" },
    { url = "https://files.pythonhosted.org/packages/a4/99/0e9f6aa57f3e32a767216f797e56dc96b720fcecfb9d8ee907ecc82f8d66/rapidfuzz-3.14.5-cp313-cp313t-musllinux_1_2_aarch64.whl", hash = "sha256:56227a61fd3d17b0cd9793132431f3a3d07c8654be96794ba9f89fe0fc8b2d09", size = 2396618, upload-time = "2026-04-07T11:15:13.154Z" },
    { url = "https://files.pythonhosted.org/packages/60/94/44a78e39ffce17cbdd3e2b53b696acc751d5d153be0f499d052b07a4d904/rapidfuzz-3.14.5-cp313-cp313t-musllinux_1_2_riscv64.whl", hash = "sha256:2e83cd2e25bb4edd97b689d9979d9c3acccdaaf26ceac08212ceece202febcfa", size = 2478220, upload-time = "2026-04-07T11:15:15.193Z" },
    { url = "https://files.pythonhosted.org/packages/dd/df/454311469a09a507e9d784a35796742bec22e4cebe75551e2da4e0e290fd/rapidfuzz-3.14.5-cp313-cp313t-musllinux_1_2_x86_64.whl", hash = "sha256:af3b859726cd3374287e405e14b9634563c078c5531a4f62375508addebddad1", size = 4265027, upload-time = "2026-04-07T11:15:17.28Z" },
    { url = "https://files.pythonhosted.org/packages/fc/01/175465a9ab3e3b70ba669058372f009d1d49c1746e2dcd56b69df188d3a5/rapidfuzz-3.14.5-cp313-cp313t-win32.whl", hash = "sha256:8ce1d850b3c0178440efde9e884d98421b5e87ff925f364d6d79e23910d7593f", size = 1766814, upload-time = "2026-04-07T11:15:19.687Z" },
    { url = "https://files.pythonhosted.org/packages/1b/a0/a9b84a47af06ebed94a1439eb2f02adebfb8628bcd30af1fe3e02f5ef56c/rapidfuzz-3.14.5-cp313-cp313t-win_amd64.whl", hash = "sha256:c84af70bcf34e99aee894e46a0f1ac77f17d0ef828179c387407642e2466d28a", size = 1582448, upload-time = "2026-04-07T11:15:21.98Z" },
    { url = "https://files.pythonhosted.org/packages/1e/f1/5937800238b3f8248e70860d79f69ba8f73e764fff47e36bc9e2f26dbcc6/rapidfuzz-3.14.5-cp313-cp313t-win_arm64.whl", hash = "sha256:aac0ad28c686a5e72b81668b906c030ee28050b244544b8af68e12fb32543895", size = 832932, upload-time = "2026-04-07T11:15:24.358Z" },
    { url = "https://files.pythonhosted.org/packages/81/41/aa3ffb3355e62e1bf91f6599b3092e866bc88487a07c524004943c7676df/rapidfuzz-3.14.5-cp314-cp314-macosx_10_15_x86_64.whl", hash = "sha256:1a31cc6d7d03e7318a0974c038959c59e19c752b81115f2e9138b3331cd64d45", size = 1943327, upload-time = "2026-04-07T11:15:26.266Z" },
    { url = "https://files.pythonhosted.org/packages/2d/e1/c2141f1840a41e07ad2db6f724945f8f8ff3065463899a22939152dd6e09/rapidfuzz-3.14.5-cp314-cp314-macosx_11_0_arm64.whl", hash = "sha256:0298d357e2bc59d572da4db0bc631009b6f8f6c9bc8c11e99a12b833f16b6575", size = 1161755, upload-time = "2026-04-07T11:15:28.659Z" },
    { url = "https://files.pythonhosted.org/packages/ca/07/66e753eeaa353161d1d331b7dd517bb349b0bacfebe8496d7b26be26f81f/rapidfuzz-3.14.5-cp314-cp314-manylinux_2_26_aarch64.manylinux_2_28_aarch64.whl", hash = "sha256:59b3dba758661a318995655435c6ab20a04ade79fa51e75bc8dc107cac8df280", size = 1376571, upload-time = "2026-04-07T11:15:31.225Z" },
    { url = "https://files.pythonhosted.org/packages/c8/85/9535df0b78ba51f478c9ce7eb6d1f85535cc31fe356773b48fd9d3e563ca/rapidfuzz-3.14.5-cp314-cp314-manylinux_2_27_x86_64.manylinux_2_28_x86_64.whl", hash = "sha256:4900143d82071bdda533b00300c40b14b963ff826b3642cc463b6dd0f036585e", size = 3156468, upload-time = "2026-04-07T11:15:33.428Z" },
    { url = "https://files.pythonhosted.org/packages/81/ee/b667eb93bba6dc4e0de658edd778e1619dc4d6aab68fa5e5c7f075152735/rapidfuzz-3.14.5-cp314-cp314-manylinux_2_39_riscv64.whl", hash = "sha256:feedf219672eef83ea6be6f3bb093bba396a8560fc75be85ba225f082903df0a", size = 1458311, upload-time = "2026-04-07T11:15:35.557Z" },
    { url = "https://files.pythonhosted.org/packages/7d/ce/479074f5624364a48df3403c538797ef22d3ac49c19dc76c3f79fcdcc70c/rapidfuzz-3.14.5-cp314-cp314-musllinux_1_2_aarch64.whl", hash = "sha256:419e4397a36e2665ec992d8d64c20ba4b2a42500c76ecadeca78a4f19cb9cc32", size = 2398228, upload-time = "2026-04-07T11:15:37.669Z" },
    { url = "https://files.pythonhosted.org/packages/0b/15/a8982f649150fffbdcd6f17565974501f6ab33b2795267bffbd4a7ba905b/rapidfuzz-3.14.5-cp314-cp314-musllinux_1_2_riscv64.whl", hash = "sha256:97131ab2be39043054ee28d99e09efe316e6d53449b7e962dfcf3c2de8b2b246", size = 2497226, upload-time = "2026-04-07T11:15:39.857Z" },
    { url = "https://files.pythonhosted.org/packages/19/52/5267c03ef6759831b7d4625a0c9c06e87baa2fae084b61ac9c388858317b/rapidfuzz-3.14.5-cp314-cp314-musllinux_1_2_x86_64.whl", hash = "sha256:593c00dac4e30231c35bf3b4f1da8ec0998762e9e94425586a5d636fcd57f9d0", size = 4262283, upload-time = "2026-04-07T11:15:42.279Z" },
    { url = "https://files.pythonhosted.org/packages/71/c0/2579f343a97f5254c43bb5853baccc01488357dcb64a27bcb869b7888a4a/rapidfuzz-3.14.5-cp314-cp314-win32.whl", hash = "sha256:0084b687b02b4e569b46d8d6d4ad25659528e6081cd6d067ca453a69035f07e4", size = 1744614, upload-time = "2026-04-07T11:15:44.498Z" },
    { url = "https://files.pythonhosted.org/packages/17/eb/8edfed1e80119dc9c35b11df4bc701eea85622ad681fff0263b6961d3224/rapidfuzz-3.14.5-cp314-cp314-win_amd64.whl", hash = "sha256:5dfa89d78f22cd773054caff44827b846161a29f2dcf7e78b8f90d086621e502", size = 1588971, upload-time = "2026-04-07T11:15:46.86Z" },
    { url = "https://files.pythonhosted.org/packages/f6/04/5676df93c85cfa57a3045d8047318df9f3cd58c7b8a99340dd95f874795e/rapidfuzz-3.14.5-cp314-cp314-win_arm64.whl", hash = "sha256:67f3f9d2b444268ab53e47d31bab89954888d23c04c6789f2c727e51fe4b1d13", size = 834985, upload-time = "2026-04-07T11:15:49.411Z" },
    { url = "https://files.pythonhosted.org/packages/f7/0d/4a8988cea658fe335048ddef8c876addff1b6daa3c9ca8ad65a5a2196e69/rapidfuzz-3.14.5-cp314-cp314t-macosx_10_15_x86_64.whl", hash = "sha256:77eac0526899b3c3ad1454bb2b03cdb491d67358ec8ef0c9c48bd61b632b431d", size = 1972517, upload-time = "2026-04-07T11:15:51.819Z" },
    { url = "https://files.pythonhosted.org/packages/1c/a3/f5cfd9965a9d9a9e32249159797c47b5d6299ea6d1629f9126b25f1c10a3/rapidfuzz-3.14.5-cp314-cp314t-macosx_11_0_arm64.whl", hash = "sha256:b9c6bd754d11f6e78ac54e3d86b4b11dc1ba2f13e5fc958899574532897f5a99", size = 1196056, upload-time = "2026-04-07T11:15:54.292Z" },
    { url = "https://files.pythonhosted.org/packages/64/07/561c2e40cfd10e6630a7b0ac5a2a813aef50d944bcd1f3d260319d659d5b/rapidfuzz-3.14.5-cp314-cp314t-manylinux_2_26_aarch64.manylinux_2_28_aarch64.whl", hash = "sha256:738c96944d076deeaff70e92b65696ab4f7ecb8081d7791c5403a3257dfaf8ff", size = 1374732, upload-time = "2026-04-07T11:15:56.584Z" },
    { url = "https://files.pythonhosted.org/packages/c2/39/123bb94fee40e2fb3b7c49b80827c7ef42d838e18def3fc2fef5a3cf817a/rapidfuzz-3.14.5-cp314-cp314t-manylinux_2_27_x86_64.manylinux_2_28_x86_64.whl", hash = "sha256:f4c1bca487a17fe4226b4ffb2d30e799d2b274d692cffa76bd0746f56235fca3", size = 3166902, upload-time = "2026-04-07T11:15:58.768Z" },
    { url = "https://files.pythonhosted.org/packages/75/0a/45716fafc9fd2e028cf20b5ac5bc704887081cd312f84edb0e325599414b/rapidfuzz-3.14.5-cp314-cp314t-manylinux_2_39_riscv64.whl", hash = "sha256:af6a90a4ed2a48fa1a2d17e9d824e6c7c950bea5bad0b707c77fd55751e6bfef", size = 1452130, upload-time = "2026-04-07T11:16:01.453Z" },
    { url = "https://files.pythonhosted.org/packages/ca/49/4e96c413114398481c0a5b0086af32c364a18613c9a2ea578d17c4bea4ee/rapidfuzz-3.14.5-cp314-cp314t-musllinux_1_2_aarch64.whl", hash = "sha256:bf5018938208d4597b2e679a4f8cff9fd252f1df53583130ae56281a21801b64", size = 2396308, upload-time = "2026-04-07T11:16:03.588Z" },
    { url = "https://files.pythonhosted.org/packages/89/b7/49fea9fc6878d59bd259d01dd1972d9b86117992b1c66d9b16f0a65273c3/rapidfuzz-3.14.5-cp314-cp314t-musllinux_1_2_riscv64.whl", hash = "sha256:c0919d1f89ddf91129906705723118ea09754171e4116f5a5dbc667c7bc9b261", size = 2488210, upload-time = "2026-04-07T11:16:05.871Z" },
    { url = "https://files.pythonhosted.org/packages/0c/44/a1f732b93ffacbdad077b7c801149549b2938e1bece6addb5ad85ed74df8/rapidfuzz-3.14.5-cp314-cp314t-musllinux_1_2_x86_64.whl", hash = "sha256:93d8da883a35116d6813432177f35e570db5b0a5e30ecb0cbd7cb39c815735df", size = 4270621, upload-time = "2026-04-07T11:16:08.483Z" },
    { url = "https://files.pythonhosted.org/packages/bb/ce/ff942d19fce5385054650bb71a58495ddda299d94661ccc4e6e7fa44868b/rapidfuzz-3.14.5-cp314-cp314t-win32.whl", hash = "sha256:0f23e37019ec07712d58976b1ab2b889f8649a7f7c2f626a2f34ea9139e79279", size = 1803950, upload-time = "2026-04-07T11:16:10.873Z" },
    { url = "https://files.pythonhosted.org/packages/5c/0f/9aafc63f9661222b819b391c187eed29fc90ad5935f9690e5ecc2d2047a4/rapidfuzz-3.14.5-cp314-cp314t-win_amd64.whl", hash = "sha256:7d5ca9c7832e6879a707296d1463685f7c243a27846227044504741640caec66", size = 1632357, upload-time = "2026-04-07T11:16:13.1Z" },
    { url = "https://files.pythonhosted.org/packages/70/a6/51fc1b0e61e3326e1c68a61cfd0c6b3c34c843681c4b1eefbf0596f59162/rapidfuzz-3.14.5-cp314-cp314t-win_arm64.whl", hash = "sha256:3e91dcd2549b8f8d843f98ba03a17e01f3d8b72ce942adbbb6761bc58ffce813", size = 855409, upload-time = "2026-04-07T11:16:15.787Z" },
]

[[package]]
name = "rich"
version = "15.0.0"
source = { registry = "https://pypi.org/simple" }
dependencies = [
    { name = "markdown-it-py" },
    { name = "pygments" },
]
sdist = { url = "https://files.pythonhosted.org/packages/c0/8f/0722ca900cc807c13a6a0c696dacf35430f72e0ec571c4275d2371fca3e9/rich-15.0.0.tar.gz", hash = "sha256:edd07a4824c6b40189fb7ac9bc4c52536e9780fbbfbddf6f1e2502c31b068c36", size = 230680, upload-time = "2026-04-12T08:24:00.75Z" }
wheels = [
    { url = "https://files.pythonhosted.org/packages/82/3b/64d4899d73f91ba49a8c18a8ff3f0ea8f1c1d75481760df8c68ef5235bf5/rich-15.0.0-py3-none-any.whl", hash = "sha256:33bd4ef74232fb73fe9279a257718407f169c09b78a87ad3d296f548e27de0bb", size = 310654, upload-time = "2026-04-12T08:24:02.83Z" },
]
